{
  "version": 4,
  "terraform_version": "1.12.2",
  "serial": 6,
  "lineage": "84fcc511-b9ac-6899-fddc-6c95885c5baf",
  "outputs": {
    "ecr_repo_url": {
      "value": "905418306644.dkr.ecr.eu-central-1.amazonaws.com/todo-app",
      "type": "string"
    },
    "s3_bucket": {
      "value": "esraa-devops-artifacts",
      "type": "string"
    }
  },
  "resources": [
    {
      "mode": "managed",
      "type": "aws_ecr_repository",
      "name": "todo",
      "provider": "provider[\"registry.terraform.io/hashicorp/aws\"]",
      "instances": [
        {
          "schema_version": 0,
          "attributes": {
            "arn": "arn:aws:ecr:eu-central-1:905418306644:repository/todo-app",
            "encryption_configuration": [
              {
                "encryption_type": "AES256",
                "kms_key": ""
              }
            ],
            "force_delete": null,
            "id": "todo-app",
            "image_scanning_configuration": [
              {
                "scan_on_push": false
              }
            ],
            "image_tag_mutability": "MUTABLE",
            "name": "todo-app",
            "region": "eu-central-1",
            "registry_id": "905418306644",
            "repository_url": "905418306644.dkr.ecr.eu-central-1.amazonaws.com/todo-app",
            "tags": null,
            "tags_all": {},
            "timeouts": null
          },
          "sensitive_attributes": [],
          "identity_schema_version": 0,
          "private": "eyJlMmJmYjczMC1lY2FhLTExZTYtOGY4OC0zNDM2M2JjN2M0YzAiOnsiZGVsZXRlIjoxMjAwMDAwMDAwMDAwfX0="
        }
      ]
    }
  ],
  "check_results": null
}
